
Microsoft Visual Studio Solution File, Format Version 12.00
# Visual Studio Version 16
VisualStudioVersion = 16.0.29418.71
MinimumVisualStudioVersion = 10.0.40219.1
Project("{FAE04EC0-301F-11D3-BF4B-00C04F79EFBC}") = "OrderManage", "OrderManage.csproj", "{6DDB9F2E-4E16-486B-84FE-89C211927BDD}"
EndProject
Project("{FAE04EC0-301F-11D3-BF4B-00C04F79EFBC}") = "OrderManageTests", "..\OrderManageTests\OrderManageTests.csproj", "{4BA6A976-CEEA-4F11-A0FF-DDFF8AC952AF}"
EndProject
Global
	GlobalSection(SolutionConfigurationPlatforms) = preSolution
		Debug|Any CPU = Debug|Any CPU
		Release|Any CPU = Release|Any CPU
	EndGlobalSection
	GlobalSection(ProjectConfigurationPlatforms) = postSolution
		{6DDB9F2E-4E16-486B-84FE-89C211927BDD}.Debug|Any CPU.ActiveCfg = Debug|Any CPU
		{6DDB9F2E-4E16-486B-84FE-89C211927BDD}.Debug|Any CPU.Build.0 = Debug|Any CPU
		{6DDB9F2E-4E16-486B-84FE-89C211927BDD}.Release|Any CPU.ActiveCfg = Release|Any CPU
		{6DDB9F2E-4E16-486B-84FE-89C211927BDD}.Release|Any CPU.Build.0 = Release|Any CPU
		{4BA6A976-CEEA-4F11-A0FF-DDFF8AC952AF}.Debug|Any CPU.ActiveCfg = Debug|Any CPU
		{4BA6A976-CEEA-4F11-A0FF-DDFF8AC952AF}.Debug|Any CPU.Build.0 = Debug|Any CPU
		{4BA6A976-CEEA-4F11-A0FF-DDFF8AC952AF}.Release|Any CPU.ActiveCfg = Release|Any CPU
		{4BA6A976-CEEA-4F11-A0FF-DDFF8AC952AF}.Release|Any CPU.Build.0 = Release|Any CPU
	EndGlobalSection
	GlobalSection(SolutionProperties) = preSolution
		HideSolutionNode = FALSE
	EndGlobalSection
	GlobalSection(ExtensibilityGlobals) = postSolution
		SolutionGuid = {9810F6FC-EE79-48B9-8C46-648DE82442EC}
	EndGlobalSection
EndGlobal
