
Microsoft Visual Studio Solution File, Format Version 12.00
# Visual Studio Version 16
VisualStudioVersion = 16.0.29418.71
MinimumVisualStudioVersion = 10.0.40219.1
Project("{FAE04EC0-301F-11D3-BF4B-00C04F79EFBC}") = "WinCrawler", "WinCrawler.csproj", "{5669B561-DF31-4A34-84C0-7C8ED331F1A1}"
EndProject
Global
	GlobalSection(SolutionConfigurationPlatforms) = preSolution
		Debug|Any CPU = Debug|Any CPU
		Release|Any CPU = Release|Any CPU
	EndGlobalSection
	GlobalSection(ProjectConfigurationPlatforms) = postSolution
		{5669B561-DF31-4A34-84C0-7C8ED331F1A1}.Debug|Any CPU.ActiveCfg = Debug|Any CPU
		{5669B561-DF31-4A34-84C0-7C8ED331F1A1}.Debug|Any CPU.Build.0 = Debug|Any CPU
		{5669B561-DF31-4A34-84C0-7C8ED331F1A1}.Release|Any CPU.ActiveCfg = Release|Any CPU
		{5669B561-DF31-4A34-84C0-7C8ED331F1A1}.Release|Any CPU.Build.0 = Release|Any CPU
	EndGlobalSection
	GlobalSection(SolutionProperties) = preSolution
		HideSolutionNode = FALSE
	EndGlobalSection
	GlobalSection(ExtensibilityGlobals) = postSolution
		SolutionGuid = {5DD17DD6-8FD8-4B97-B3E2-049F9CDFC941}
	EndGlobalSection
EndGlobal
