
Microsoft Visual Studio Solution File, Format Version 12.00
# Visual Studio Version 16
VisualStudioVersion = 16.0.29418.71
MinimumVisualStudioVersion = 10.0.40219.1
Project("{FAE04EC0-301F-11D3-BF4B-00C04F79EFBC}") = "SieveOfErat", "SieveOfErat.csproj", "{5F283942-20E1-4216-BFD6-2097E363FB17}"
EndProject
Global
	GlobalSection(SolutionConfigurationPlatforms) = preSolution
		Debug|Any CPU = Debug|Any CPU
		Release|Any CPU = Release|Any CPU
	EndGlobalSection
	GlobalSection(ProjectConfigurationPlatforms) = postSolution
		{5F283942-20E1-4216-BFD6-2097E363FB17}.Debug|Any CPU.ActiveCfg = Debug|Any CPU
		{5F283942-20E1-4216-BFD6-2097E363FB17}.Debug|Any CPU.Build.0 = Debug|Any CPU
		{5F283942-20E1-4216-BFD6-2097E363FB17}.Release|Any CPU.ActiveCfg = Release|Any CPU
		{5F283942-20E1-4216-BFD6-2097E363FB17}.Release|Any CPU.Build.0 = Release|Any CPU
	EndGlobalSection
	GlobalSection(SolutionProperties) = preSolution
		HideSolutionNode = FALSE
	EndGlobalSection
	GlobalSection(ExtensibilityGlobals) = postSolution
		SolutionGuid = {FCCAFF5D-C9BE-47DA-AE70-8295C680B5B5}
	EndGlobalSection
EndGlobal
