
Microsoft Visual Studio Solution File, Format Version 12.00
# Visual Studio Version 16
VisualStudioVersion = 16.0.29418.71
MinimumVisualStudioVersion = 10.0.40219.1
Project("{FAE04EC0-301F-11D3-BF4B-00C04F79EFBC}") = "ArrayExercise", "ArrayExercise.csproj", "{304AFF60-ED08-4373-8BC6-FEE191EF9EEE}"
EndProject
Global
	GlobalSection(SolutionConfigurationPlatforms) = preSolution
		Debug|Any CPU = Debug|Any CPU
		Release|Any CPU = Release|Any CPU
	EndGlobalSection
	GlobalSection(ProjectConfigurationPlatforms) = postSolution
		{304AFF60-ED08-4373-8BC6-FEE191EF9EEE}.Debug|Any CPU.ActiveCfg = Debug|Any CPU
		{304AFF60-ED08-4373-8BC6-FEE191EF9EEE}.Debug|Any CPU.Build.0 = Debug|Any CPU
		{304AFF60-ED08-4373-8BC6-FEE191EF9EEE}.Release|Any CPU.ActiveCfg = Release|Any CPU
		{304AFF60-ED08-4373-8BC6-FEE191EF9EEE}.Release|Any CPU.Build.0 = Release|Any CPU
	EndGlobalSection
	GlobalSection(SolutionProperties) = preSolution
		HideSolutionNode = FALSE
	EndGlobalSection
	GlobalSection(ExtensibilityGlobals) = postSolution
		SolutionGuid = {A8268F86-2AF1-4354-91A1-70D21878B8D2}
	EndGlobalSection
EndGlobal
